// !$*UTF8*$!
{
	archiveVersion = 1;
	classes = {
	};
	objectVersion = 48;
	objects = {

/* Begin PBXBuildFile section */
		1D09D7F62009B9D3006D079D /* RouteBusStop.swift in Sources */ = {isa = PBXBuildFile; fileRef = 1D09D7F52009B9D3006D079D /* RouteBusStop.swift */; };
		1D1397DA20160FB700A9D433 /* thinking3d.gif in Resources */ = {isa = PBXBuildFile; fileRef = 1D1397D920160FB700A9D433 /* thinking3d.gif */; };
		1D6BC3212011C00600AF208C /* Journey.swift in Sources */ = {isa = PBXBuildFile; fileRef = 1D6BC3202011C00600AF208C /* Journey.swift */; };
		1D6BC3232011C4BB00AF208C /* Distance.swift in Sources */ = {isa = PBXBuildFile; fileRef = 1D6BC3222011C4BB00AF208C /* Distance.swift */; };
		1D6BC3252011CB0000AF208C /* Data.swift in Sources */ = {isa = PBXBuildFile; fileRef = 1D6BC3242011CB0000AF208C /* Data.swift */; };
		1D6BC3292011EED400AF208C /* JourneyStates.swift in Sources */ = {isa = PBXBuildFile; fileRef = 1D6BC3282011EED400AF208C /* JourneyStates.swift */; };
		1D6BC32B2012455C00AF208C /* DataInitialiser.swift in Sources */ = {isa = PBXBuildFile; fileRef = 1D6BC32A2012455C00AF208C /* DataInitialiser.swift */; };
		1D71B4B820170BFC00D675D0 /* InJourneyViewController.swift in Sources */ = {isa = PBXBuildFile; fileRef = 1D71B4B720170BFC00D675D0 /* InJourneyViewController.swift */; };
		1DA2576C2003732C00F8CA36 /* AppDelegate.swift in Sources */ = {isa = PBXBuildFile; fileRef = 1DA2576B2003732C00F8CA36 /* AppDelegate.swift */; };
		1DA2576E2003732C00F8CA36 /* ViewController.swift in Sources */ = {isa = PBXBuildFile; fileRef = 1DA2576D2003732C00F8CA36 /* ViewController.swift */; };
		1DA257712003732C00F8CA36 /* Main.storyboard in Resources */ = {isa = PBXBuildFile; fileRef = 1DA2576F2003732C00F8CA36 /* Main.storyboard */; };
		1DA257742003732C00F8CA36 /* rwethereyet.xcdatamodeld in Sources */ = {isa = PBXBuildFile; fileRef = 1DA257722003732C00F8CA36 /* rwethereyet.xcdatamodeld */; };
		1DA257762003732C00F8CA36 /* Assets.xcassets in Resources */ = {isa = PBXBuildFile; fileRef = 1DA257752003732C00F8CA36 /* Assets.xcassets */; };
		1DA257792003732C00F8CA36 /* LaunchScreen.storyboard in Resources */ = {isa = PBXBuildFile; fileRef = 1DA257772003732C00F8CA36 /* LaunchScreen.storyboard */; };
		1DA257842003732C00F8CA36 /* rwethereyetTests.swift in Sources */ = {isa = PBXBuildFile; fileRef = 1DA257832003732C00F8CA36 /* rwethereyetTests.swift */; };
		1DA2578F2003732C00F8CA36 /* rwethereyetUITests.swift in Sources */ = {isa = PBXBuildFile; fileRef = 1DA2578E2003732C00F8CA36 /* rwethereyetUITests.swift */; };
		1DAA29AD2015DD3000B7C255 /* BusStopTableViewController.swift in Sources */ = {isa = PBXBuildFile; fileRef = 1DAA29AC2015DD3000B7C255 /* BusStopTableViewController.swift */; };
		1DFF4D11200A44C40076B333 /* RouteBusServiceResponse.swift in Sources */ = {isa = PBXBuildFile; fileRef = 1DFF4D10200A44C40076B333 /* RouteBusServiceResponse.swift */; };
		1DFF4D19200A6E300076B333 /* RouteBusService.swift in Sources */ = {isa = PBXBuildFile; fileRef = 1DFF4D18200A6E300076B333 /* RouteBusService.swift */; };
		4579553FFA039F933DB3DDE7 /* Pods_rwethereyetUITests.framework in Frameworks */ = {isa = PBXBuildFile; fileRef = E7368FC86E84AEE44ED54C01 /* Pods_rwethereyetUITests.framework */; };
		6ABB84E29EEA786D8DF5A812 /* Pods_rwethereyet.framework in Frameworks */ = {isa = PBXBuildFile; fileRef = 4586150FFBB5E056C980DF67 /* Pods_rwethereyet.framework */; };
		B231CA45E5D4DF631C82AC71 /* Pods_rwethereyetTests.framework in Frameworks */ = {isa = PBXBuildFile; fileRef = 111D5A6333562F3E36DC5971 /* Pods_rwethereyetTests.framework */; };
/* End PBXBuildFile section */

/* Begin PBXContainerItemProxy section */
		1DA257802003732C00F8CA36 /* PBXContainerItemProxy */ = {
			isa = PBXContainerItemProxy;
			containerPortal = 1DA257602003732C00F8CA36 /* Project object */;
			proxyType = 1;
			remoteGlobalIDString = 1DA257672003732C00F8CA36;
			remoteInfo = rwethereyet;
		};
		1DA2578B2003732C00F8CA36 /* PBXContainerItemProxy */ = {
			isa = PBXContainerItemProxy;
			containerPortal = 1DA257602003732C00F8CA36 /* Project object */;
			proxyType = 1;
			remoteGlobalIDString = 1DA257672003732C00F8CA36;
			remoteInfo = rwethereyet;
		};
/* End PBXContainerItemProxy section */

/* Begin PBXFileReference section */
		028A499417E8F78F5CE98A7F /* Pods-rwethereyetUITests.release.xcconfig */ = {isa = PBXFileReference; includeInIndex = 1; lastKnownFileType = text.xcconfig; name = "Pods-rwethereyetUITests.release.xcconfig"; path = "Pods/Target Support Files/Pods-rwethereyetUITests/Pods-rwethereyetUITests.release.xcconfig"; sourceTree = "<group>"; };
		111D5A6333562F3E36DC5971 /* Pods_rwethereyetTests.framework */ = {isa = PBXFileReference; explicitFileType = wrapper.framework; includeInIndex = 0; path = Pods_rwethereyetTests.framework; sourceTree = BUILT_PRODUCTS_DIR; };
		1D09D7F52009B9D3006D079D /* RouteBusStop.swift */ = {isa = PBXFileReference; lastKnownFileType = sourcecode.swift; name = RouteBusStop.swift; path = rwethereyet/model/API/RouteBusStop.swift; sourceTree = "<group>"; };
		1D1397D920160FB700A9D433 /* thinking3d.gif */ = {isa = PBXFileReference; lastKnownFileType = image.gif; path = thinking3d.gif; sourceTree = "<group>"; };
		1D6BC3202011C00600AF208C /* Journey.swift */ = {isa = PBXFileReference; lastKnownFileType = sourcecode.swift; name = Journey.swift; path = model/Journey.swift; sourceTree = "<group>"; };
		1D6BC3222011C4BB00AF208C /* Distance.swift */ = {isa = PBXFileReference; lastKnownFileType = sourcecode.swift; name = Distance.swift; path = model/Distance.swift; sourceTree = "<group>"; };
		1D6BC3242011CB0000AF208C /* Data.swift */ = {isa = PBXFileReference; lastKnownFileType = sourcecode.swift; name = Data.swift; path = model/Data.swift; sourceTree = "<group>"; };
		1D6BC3282011EED400AF208C /* JourneyStates.swift */ = {isa = PBXFileReference; lastKnownFileType = sourcecode.swift; name = JourneyStates.swift; path = model/JourneyStates.swift; sourceTree = "<group>"; };
		1D6BC32A2012455C00AF208C /* DataInitialiser.swift */ = {isa = PBXFileReference; lastKnownFileType = sourcecode.swift; name = DataInitialiser.swift; path = model/DataInitialiser.swift; sourceTree = "<group>"; };
		1D71B4B720170BFC00D675D0 /* InJourneyViewController.swift */ = {isa = PBXFileReference; lastKnownFileType = sourcecode.swift; path = InJourneyViewController.swift; sourceTree = "<group>"; };
		1DA257682003732C00F8CA36 /* rwethereyet.app */ = {isa = PBXFileReference; explicitFileType = wrapper.application; includeInIndex = 0; path = rwethereyet.app; sourceTree = BUILT_PRODUCTS_DIR; };
		1DA2576B2003732C00F8CA36 /* AppDelegate.swift */ = {isa = PBXFileReference; lastKnownFileType = sourcecode.swift; path = AppDelegate.swift; sourceTree = "<group>"; };
		1DA2576D2003732C00F8CA36 /* ViewController.swift */ = {isa = PBXFileReference; lastKnownFileType = sourcecode.swift; path = ViewController.swift; sourceTree = "<group>"; };
		1DA257702003732C00F8CA36 /* Base */ = {isa = PBXFileReference; lastKnownFileType = file.storyboard; name = Base; path = Base.lproj/Main.storyboard; sourceTree = "<group>"; };
		1DA257732003732C00F8CA36 /* rwethereyet.xcdatamodel */ = {isa = PBXFileReference; lastKnownFileType = wrapper.xcdatamodel; path = rwethereyet.xcdatamodel; sourceTree = "<group>"; };
		1DA257752003732C00F8CA36 /* Assets.xcassets */ = {isa = PBXFileReference; lastKnownFileType = folder.assetcatalog; path = Assets.xcassets; sourceTree = "<group>"; };
		1DA257782003732C00F8CA36 /* Base */ = {isa = PBXFileReference; lastKnownFileType = file.storyboard; name = Base; path = Base.lproj/LaunchScreen.storyboard; sourceTree = "<group>"; };
		1DA2577A2003732C00F8CA36 /* Info.plist */ = {isa = PBXFileReference; lastKnownFileType = text.plist.xml; path = Info.plist; sourceTree = "<group>"; };
		1DA2577F2003732C00F8CA36 /* rwethereyetTests.xctest */ = {isa = PBXFileReference; explicitFileType = wrapper.cfbundle; includeInIndex = 0; path = rwethereyetTests.xctest; sourceTree = BUILT_PRODUCTS_DIR; };
		1DA257832003732C00F8CA36 /* rwethereyetTests.swift */ = {isa = PBXFileReference; lastKnownFileType = sourcecode.swift; path = rwethereyetTests.swift; sourceTree = "<group>"; };
		1DA257852003732C00F8CA36 /* Info.plist */ = {isa = PBXFileReference; lastKnownFileType = text.plist.xml; path = Info.plist; sourceTree = "<group>"; };
		1DA2578A2003732C00F8CA36 /* rwethereyetUITests.xctest */ = {isa = PBXFileReference; explicitFileType = wrapper.cfbundle; includeInIndex = 0; path = rwethereyetUITests.xctest; sourceTree = BUILT_PRODUCTS_DIR; };
		1DA2578E2003732C00F8CA36 /* rwethereyetUITests.swift */ = {isa = PBXFileReference; lastKnownFileType = sourcecode.swift; path = rwethereyetUITests.swift; sourceTree = "<group>"; };
		1DA257902003732C00F8CA36 /* Info.plist */ = {isa = PBXFileReference; lastKnownFileType = text.plist.xml; path = Info.plist; sourceTree = "<group>"; };
		1DAA29AC2015DD3000B7C255 /* BusStopTableViewController.swift */ = {isa = PBXFileReference; lastKnownFileType = sourcecode.swift; path = BusStopTableViewController.swift; sourceTree = "<group>"; };
		1DFF4D10200A44C40076B333 /* RouteBusServiceResponse.swift */ = {isa = PBXFileReference; lastKnownFileType = sourcecode.swift; name = RouteBusServiceResponse.swift; path = rwethereyet/model/API/RouteBusServiceResponse.swift; sourceTree = "<group>"; };
		1DFF4D18200A6E300076B333 /* RouteBusService.swift */ = {isa = PBXFileReference; fileEncoding = 4; lastKnownFileType = sourcecode.swift; name = RouteBusService.swift; path = rwethereyet/model/API/RouteBusService.swift; sourceTree = "<group>"; };
		2EEA5985D8CA8CC925E24C2D /* Pods-rwethereyetUITests.debug.xcconfig */ = {isa = PBXFileReference; includeInIndex = 1; lastKnownFileType = text.xcconfig; name = "Pods-rwethereyetUITests.debug.xcconfig"; path = "Pods/Target Support Files/Pods-rwethereyetUITests/Pods-rwethereyetUITests.debug.xcconfig"; sourceTree = "<group>"; };
		3B281EEC20E012C2A134503E /* Pods-rwethereyet.release.xcconfig */ = {isa = PBXFileReference; includeInIndex = 1; lastKnownFileType = text.xcconfig; name = "Pods-rwethereyet.release.xcconfig"; path = "Pods/Target Support Files/Pods-rwethereyet/Pods-rwethereyet.release.xcconfig"; sourceTree = "<group>"; };
		4586150FFBB5E056C980DF67 /* Pods_rwethereyet.framework */ = {isa = PBXFileReference; explicitFileType = wrapper.framework; includeInIndex = 0; path = Pods_rwethereyet.framework; sourceTree = BUILT_PRODUCTS_DIR; };
		AE52F429F3AC06139E3DB5F5 /* Pods-rwethereyetTests.release.xcconfig */ = {isa = PBXFileReference; includeInIndex = 1; lastKnownFileType = text.xcconfig; name = "Pods-rwethereyetTests.release.xcconfig"; path = "Pods/Target Support Files/Pods-rwethereyetTests/Pods-rwethereyetTests.release.xcconfig"; sourceTree = "<group>"; };
		E374FE6BD45EC92CF65DCCB4 /* Pods-rwethereyetTests.debug.xcconfig */ = {isa = PBXFileReference; includeInIndex = 1; lastKnownFileType = text.xcconfig; name = "Pods-rwethereyetTests.debug.xcconfig"; path = "Pods/Target Support Files/Pods-rwethereyetTests/Pods-rwethereyetTests.debug.xcconfig"; sourceTree = "<group>"; };
		E7368FC86E84AEE44ED54C01 /* Pods_rwethereyetUITests.framework */ = {isa = PBXFileReference; explicitFileType = wrapper.framework; includeInIndex = 0; path = Pods_rwethereyetUITests.framework; sourceTree = BUILT_PRODUCTS_DIR; };
		E9C31EA2BBCE90A4DACAED77 /* Pods-rwethereyet.debug.xcconfig */ = {isa = PBXFileReference; includeInIndex = 1; lastKnownFileType = text.xcconfig; name = "Pods-rwethereyet.debug.xcconfig"; path = "Pods/Target Support Files/Pods-rwethereyet/Pods-rwethereyet.debug.xcconfig"; sourceTree = "<group>"; };
/* End PBXFileReference section */

/* Begin PBXFrameworksBuildPhase section */
		1DA257652003732C00F8CA36 /* Frameworks */ = {
			isa = PBXFrameworksBuildPhase;
			buildActionMask = 2147483647;
			files = (
				6ABB84E29EEA786D8DF5A812 /* Pods_rwethereyet.framework in Frameworks */,
			);
			runOnlyForDeploymentPostprocessing = 0;
		};
		1DA2577C2003732C00F8CA36 /* Frameworks */ = {
			isa = PBXFrameworksBuildPhase;
			buildActionMask = 2147483647;
			files = (
				B231CA45E5D4DF631C82AC71 /* Pods_rwethereyetTests.framework in Frameworks */,
			);
			runOnlyForDeploymentPostprocessing = 0;
		};
		1DA257872003732C00F8CA36 /* Frameworks */ = {
			isa = PBXFrameworksBuildPhase;
			buildActionMask = 2147483647;
			files = (
				4579553FFA039F933DB3DDE7 /* Pods_rwethereyetUITests.framework in Frameworks */,
			);
			runOnlyForDeploymentPostprocessing = 0;
		};
/* End PBXFrameworksBuildPhase section */

/* Begin PBXGroup section */
		1DA2575F2003732C00F8CA36 = {
			isa = PBXGroup;
			children = (
				1DFF4D18200A6E300076B333 /* RouteBusService.swift */,
				1DFF4D10200A44C40076B333 /* RouteBusServiceResponse.swift */,
				1D09D7F52009B9D3006D079D /* RouteBusStop.swift */,
				1DA2576A2003732C00F8CA36 /* rwethereyet */,
				1DA257822003732C00F8CA36 /* rwethereyetTests */,
				1DA2578D2003732C00F8CA36 /* rwethereyetUITests */,
				1DA257692003732C00F8CA36 /* Products */,
				5AF50B7F9653EF6434B017E9 /* Pods */,
				289EC63195C2A318F225D3F0 /* Frameworks */,
			);
			sourceTree = "<group>";
		};
		1DA257692003732C00F8CA36 /* Products */ = {
			isa = PBXGroup;
			children = (
				1DA257682003732C00F8CA36 /* rwethereyet.app */,
				1DA2577F2003732C00F8CA36 /* rwethereyetTests.xctest */,
				1DA2578A2003732C00F8CA36 /* rwethereyetUITests.xctest */,
			);
			name = Products;
			sourceTree = "<group>";
		};
		1DA2576A2003732C00F8CA36 /* rwethereyet */ = {
			isa = PBXGroup;
			children = (
				1DA2576B2003732C00F8CA36 /* AppDelegate.swift */,
				1DA2576D2003732C00F8CA36 /* ViewController.swift */,
				1DA2576F2003732C00F8CA36 /* Main.storyboard */,
				1DA257752003732C00F8CA36 /* Assets.xcassets */,
				1DA257772003732C00F8CA36 /* LaunchScreen.storyboard */,
				1DA2577A2003732C00F8CA36 /* Info.plist */,
				1DA257722003732C00F8CA36 /* rwethereyet.xcdatamodeld */,
				1D6BC3202011C00600AF208C /* Journey.swift */,
				1D6BC3222011C4BB00AF208C /* Distance.swift */,
				1D6BC3242011CB0000AF208C /* Data.swift */,
				1D6BC3282011EED400AF208C /* JourneyStates.swift */,
				1D6BC32A2012455C00AF208C /* DataInitialiser.swift */,
				1DAA29AC2015DD3000B7C255 /* BusStopTableViewController.swift */,
				1D1397D920160FB700A9D433 /* thinking3d.gif */,
				1D71B4B720170BFC00D675D0 /* InJourneyViewController.swift */,
			);
			path = rwethereyet;
			sourceTree = "<group>";
		};
		1DA257822003732C00F8CA36 /* rwethereyetTests */ = {
			isa = PBXGroup;
			children = (
				1DA257832003732C00F8CA36 /* rwethereyetTests.swift */,
				1DA257852003732C00F8CA36 /* Info.plist */,
			);
			path = rwethereyetTests;
			sourceTree = "<group>";
		};
		1DA2578D2003732C00F8CA36 /* rwethereyetUITests */ = {
			isa = PBXGroup;
			children = (
				1DA2578E2003732C00F8CA36 /* rwethereyetUITests.swift */,
				1DA257902003732C00F8CA36 /* Info.plist */,
			);
			path = rwethereyetUITests;
			sourceTree = "<group>";
		};
		289EC63195C2A318F225D3F0 /* Frameworks */ = {
			isa = PBXGroup;
			children = (
				4586150FFBB5E056C980DF67 /* Pods_rwethereyet.framework */,
				111D5A6333562F3E36DC5971 /* Pods_rwethereyetTests.framework */,
				E7368FC86E84AEE44ED54C01 /* Pods_rwethereyetUITests.framework */,
			);
			name = Frameworks;
			sourceTree = "<group>";
		};
		5AF50B7F9653EF6434B017E9 /* Pods */ = {
			isa = PBXGroup;
			children = (
				E9C31EA2BBCE90A4DACAED77 /* Pods-rwethereyet.debug.xcconfig */,
				3B281EEC20E012C2A134503E /* Pods-rwethereyet.release.xcconfig */,
				E374FE6BD45EC92CF65DCCB4 /* Pods-rwethereyetTests.debug.xcconfig */,
				AE52F429F3AC06139E3DB5F5 /* Pods-rwethereyetTests.release.xcconfig */,
				2EEA5985D8CA8CC925E24C2D /* Pods-rwethereyetUITests.debug.xcconfig */,
				028A499417E8F78F5CE98A7F /* Pods-rwethereyetUITests.release.xcconfig */,
			);
			name = Pods;
			sourceTree = "<group>";
		};
/* End PBXGroup section */

/* Begin PBXNativeTarget section */
		1DA257672003732C00F8CA36 /* rwethereyet */ = {
			isa = PBXNativeTarget;
			buildConfigurationList = 1DA257932003732C00F8CA36 /* Build configuration list for PBXNativeTarget "rwethereyet" */;
			buildPhases = (
				0C73560D709527EE274425D8 /* [CP] Check Pods Manifest.lock */,
				1DA257642003732C00F8CA36 /* Sources */,
				1DA257652003732C00F8CA36 /* Frameworks */,
				1DA257662003732C00F8CA36 /* Resources */,
				036210E8231D24DF67E0361E /* [CP] Embed Pods Frameworks */,
				8EEE5F3E28F7D330CDCC865B /* [CP] Copy Pods Resources */,
			);
			buildRules = (
			);
			dependencies = (
			);
			name = rwethereyet;
			productName = rwethereyet;
			productReference = 1DA257682003732C00F8CA36 /* rwethereyet.app */;
			productType = "com.apple.product-type.application";
		};
		1DA2577E2003732C00F8CA36 /* rwethereyetTests */ = {
			isa = PBXNativeTarget;
			buildConfigurationList = 1DA257962003732C00F8CA36 /* Build configuration list for PBXNativeTarget "rwethereyetTests" */;
			buildPhases = (
				D29F858A4BCDB06F44DF4686 /* [CP] Check Pods Manifest.lock */,
				1DA2577B2003732C00F8CA36 /* Sources */,
				1DA2577C2003732C00F8CA36 /* Frameworks */,
				1DA2577D2003732C00F8CA36 /* Resources */,
				AD572327BBA8268AE3ACC745 /* [CP] Embed Pods Frameworks */,
				58E52884806241F983AEC700 /* [CP] Copy Pods Resources */,
			);
			buildRules = (
			);
			dependencies = (
				1DA257812003732C00F8CA36 /* PBXTargetDependency */,
			);
			name = rwethereyetTests;
			productName = rwethereyetTests;
			productReference = 1DA2577F2003732C00F8CA36 /* rwethereyetTests.xctest */;
			productType = "com.apple.product-type.bundle.unit-test";
		};
		1DA257892003732C00F8CA36 /* rwethereyetUITests */ = {
			isa = PBXNativeTarget;
			buildConfigurationList = 1DA257992003732C00F8CA36 /* Build configuration list for PBXNativeTarget "rwethereyetUITests" */;
			buildPhases = (
				A3C02A98FCA5BE961B7B222E /* [CP] Check Pods Manifest.lock */,
				1DA257862003732C00F8CA36 /* Sources */,
				1DA257872003732C00F8CA36 /* Frameworks */,
				1DA257882003732C00F8CA36 /* Resources */,
				A77AE5C364A7F358B40B1E12 /* [CP] Embed Pods Frameworks */,
				E919F0BDD99A2F116118A171 /* [CP] Copy Pods Resources */,
			);
			buildRules = (
			);
			dependencies = (
				1DA2578C2003732C00F8CA36 /* PBXTargetDependency */,
			);
			name = rwethereyetUITests;
			productName = rwethereyetUITests;
			productReference = 1DA2578A2003732C00F8CA36 /* rwethereyetUITests.xctest */;
			productType = "com.apple.product-type.bundle.ui-testing";
		};
/* End PBXNativeTarget section */

/* Begin PBXProject section */
		1DA257602003732C00F8CA36 /* Project object */ = {
			isa = PBXProject;
			attributes = {
				LastSwiftUpdateCheck = 0920;
				LastUpgradeCheck = 0920;
				ORGANIZATIONNAME = somethingwithc;
				TargetAttributes = {
					1DA257672003732C00F8CA36 = {
						CreatedOnToolsVersion = 9.2;
						ProvisioningStyle = Automatic;
						SystemCapabilities = {
							com.apple.BackgroundModes = {
								enabled = 1;
							};
						};
					};
					1DA2577E2003732C00F8CA36 = {
						CreatedOnToolsVersion = 9.2;
						ProvisioningStyle = Automatic;
						TestTargetID = 1DA257672003732C00F8CA36;
					};
					1DA257892003732C00F8CA36 = {
						CreatedOnToolsVersion = 9.2;
						ProvisioningStyle = Automatic;
						TestTargetID = 1DA257672003732C00F8CA36;
					};
				};
			};
			buildConfigurationList = 1DA257632003732C00F8CA36 /* Build configuration list for PBXProject "rwethereyet" */;
			compatibilityVersion = "Xcode 8.0";
			developmentRegion = en;
			hasScannedForEncodings = 0;
			knownRegions = (
				en,
				Base,
			);
			mainGroup = 1DA2575F2003732C00F8CA36;
			productRefGroup = 1DA257692003732C00F8CA36 /* Products */;
			projectDirPath = "";
			projectRoot = "";
			targets = (
				1DA257672003732C00F8CA36 /* rwethereyet */,
				1DA2577E2003732C00F8CA36 /* rwethereyetTests */,
				1DA257892003732C00F8CA36 /* rwethereyetUITests */,
			);
		};
/* End PBXProject section */

/* Begin PBXResourcesBuildPhase section */
		1DA257662003732C00F8CA36 /* Resources */ = {
			isa = PBXResourcesBuildPhase;
			buildActionMask = 2147483647;
			files = (
				1DA257792003732C00F8CA36 /* LaunchScreen.storyboard in Resources */,
				1D1397DA20160FB700A9D433 /* thinking3d.gif in Resources */,
				1DA257762003732C00F8CA36 /* Assets.xcassets in Resources */,
				1DA257712003732C00F8CA36 /* Main.storyboard in Resources */,
			);
			runOnlyForDeploymentPostprocessing = 0;
		};
		1DA2577D2003732C00F8CA36 /* Resources */ = {
			isa = PBXResourcesBuildPhase;
			buildActionMask = 2147483647;
			files = (
			);
			runOnlyForDeploymentPostprocessing = 0;
		};
		1DA257882003732C00F8CA36 /* Resources */ = {
			isa = PBXResourcesBuildPhase;
			buildActionMask = 2147483647;
			files = (
			);
			runOnlyForDeploymentPostprocessing = 0;
		};
/* End PBXResourcesBuildPhase section */

/* Begin PBXShellScriptBuildPhase section */
		036210E8231D24DF67E0361E /* [CP] Embed Pods Frameworks */ = {
			isa = PBXShellScriptBuildPhase;
			buildActionMask = 2147483647;
			files = (
			);
			inputPaths = (
				"${SRCROOT}/Pods/Target Support Files/Pods-rwethereyet/Pods-rwethereyet-frameworks.sh",
				"${BUILT_PRODUCTS_DIR}/SwiftLocation/SwiftLocation.framework",
				"${BUILT_PRODUCTS_DIR}/SwiftOverlays/SwiftOverlays.framework",
				"${BUILT_PRODUCTS_DIR}/SwiftyGif/SwiftyGif.framework",
				"${BUILT_PRODUCTS_DIR}/SwiftyJSON/SwiftyJSON.framework",
			);
			name = "[CP] Embed Pods Frameworks";
			outputPaths = (
				"${TARGET_BUILD_DIR}/${FRAMEWORKS_FOLDER_PATH}/SwiftLocation.framework",
				"${TARGET_BUILD_DIR}/${FRAMEWORKS_FOLDER_PATH}/SwiftOverlays.framework",
				"${TARGET_BUILD_DIR}/${FRAMEWORKS_FOLDER_PATH}/SwiftyGif.framework",
				"${TARGET_BUILD_DIR}/${FRAMEWORKS_FOLDER_PATH}/SwiftyJSON.framework",
			);
			runOnlyForDeploymentPostprocessing = 0;
			shellPath = /bin/sh;
			shellScript = "\"${SRCROOT}/Pods/Target Support Files/Pods-rwethereyet/Pods-rwethereyet-frameworks.sh\"\n";
			showEnvVarsInLog = 0;
		};
		0C73560D709527EE274425D8 /* [CP] Check Pods Manifest.lock */ = {
			isa = PBXShellScriptBuildPhase;
			buildActionMask = 2147483647;
			files = (
			);
			inputPaths = (
				"${PODS_PODFILE_DIR_PATH}/Podfile.lock",
				"${PODS_ROOT}/Manifest.lock",
			);
			name = "[CP] Check Pods Manifest.lock";
			outputPaths = (
				"$(DERIVED_FILE_DIR)/Pods-rwethereyet-checkManifestLockResult.txt",
			);
			runOnlyForDeploymentPostprocessing = 0;
			shellPath = /bin/sh;
			shellScript = "diff \"${PODS_PODFILE_DIR_PATH}/Podfile.lock\" \"${PODS_ROOT}/Manifest.lock\" > /dev/null\nif [ $? != 0 ] ; then\n    # print error to STDERR\n    echo \"error: The sandbox is not in sync with the Podfile.lock. Run 'pod install' or update your CocoaPods installation.\" >&2\n    exit 1\nfi\n# This output is used by Xcode 'outputs' to avoid re-running this script phase.\necho \"SUCCESS\" > \"${SCRIPT_OUTPUT_FILE_0}\"\n";
			showEnvVarsInLog = 0;
		};
		58E52884806241F983AEC700 /* [CP] Copy Pods Resources */ = {
			isa = PBXShellScriptBuildPhase;
			buildActionMask = 2147483647;
			files = (
			);
			inputPaths = (
			);
			name = "[CP] Copy Pods Resources";
			outputPaths = (
			);
			runOnlyForDeploymentPostprocessing = 0;
			shellPath = /bin/sh;
			shellScript = "\"${SRCROOT}/Pods/Target Support Files/Pods-rwethereyetTests/Pods-rwethereyetTests-resources.sh\"\n";
			showEnvVarsInLog = 0;
		};
		8EEE5F3E28F7D330CDCC865B /* [CP] Copy Pods Resources */ = {
			isa = PBXShellScriptBuildPhase;
			buildActionMask = 2147483647;
			files = (
			);
			inputPaths = (
			);
			name = "[CP] Copy Pods Resources";
			outputPaths = (
			);
			runOnlyForDeploymentPostprocessing = 0;
			shellPath = /bin/sh;
			shellScript = "\"${SRCROOT}/Pods/Target Support Files/Pods-rwethereyet/Pods-rwethereyet-resources.sh\"\n";
			showEnvVarsInLog = 0;
		};
		A3C02A98FCA5BE961B7B222E /* [CP] Check Pods Manifest.lock */ = {
			isa = PBXShellScriptBuildPhase;
			buildActionMask = 2147483647;
			files = (
			);
			inputPaths = (
				"${PODS_PODFILE_DIR_PATH}/Podfile.lock",
				"${PODS_ROOT}/Manifest.lock",
			);
			name = "[CP] Check Pods Manifest.lock";
			outputPaths = (
				"$(DERIVED_FILE_DIR)/Pods-rwethereyetUITests-checkManifestLockResult.txt",
			);
			runOnlyForDeploymentPostprocessing = 0;
			shellPath = /bin/sh;
			shellScript = "diff \"${PODS_PODFILE_DIR_PATH}/Podfile.lock\" \"${PODS_ROOT}/Manifest.lock\" > /dev/null\nif [ $? != 0 ] ; then\n    # print error to STDERR\n    echo \"error: The sandbox is not in sync with the Podfile.lock. Run 'pod install' or update your CocoaPods installation.\" >&2\n    exit 1\nfi\n# This output is used by Xcode 'outputs' to avoid re-running this script phase.\necho \"SUCCESS\" > \"${SCRIPT_OUTPUT_FILE_0}\"\n";
			showEnvVarsInLog = 0;
		};
		A77AE5C364A7F358B40B1E12 /* [CP] Embed Pods Frameworks */ = {
			isa = PBXShellScriptBuildPhase;
			buildActionMask = 2147483647;
			files = (
			);
			inputPaths = (
			);
			name = "[CP] Embed Pods Frameworks";
			outputPaths = (
			);
			runOnlyForDeploymentPostprocessing = 0;
			shellPath = /bin/sh;
			shellScript = "\"${SRCROOT}/Pods/Target Support Files/Pods-rwethereyetUITests/Pods-rwethereyetUITests-frameworks.sh\"\n";
			showEnvVarsInLog = 0;
		};
		AD572327BBA8268AE3ACC745 /* [CP] Embed Pods Frameworks */ = {
			isa = PBXShellScriptBuildPhase;
			buildActionMask = 2147483647;
			files = (
			);
			inputPaths = (
			);
			name = "[CP] Embed Pods Frameworks";
			outputPaths = (
			);
			runOnlyForDeploymentPostprocessing = 0;
			shellPath = /bin/sh;
			shellScript = "\"${SRCROOT}/Pods/Target Support Files/Pods-rwethereyetTests/Pods-rwethereyetTests-frameworks.sh\"\n";
			showEnvVarsInLog = 0;
		};
		D29F858A4BCDB06F44DF4686 /* [CP] Check Pods Manifest.lock */ = {
			isa = PBXShellScriptBuildPhase;
			buildActionMask = 2147483647;
			files = (
			);
			inputPaths = (
				"${PODS_PODFILE_DIR_PATH}/Podfile.lock",
				"${PODS_ROOT}/Manifest.lock",
			);
			name = "[CP] Check Pods Manifest.lock";
			outputPaths = (
				"$(DERIVED_FILE_DIR)/Pods-rwethereyetTests-checkManifestLockResult.txt",
			);
			runOnlyForDeploymentPostprocessing = 0;
			shellPath = /bin/sh;
			shellScript = "diff \"${PODS_PODFILE_DIR_PATH}/Podfile.lock\" \"${PODS_ROOT}/Manifest.lock\" > /dev/null\nif [ $? != 0 ] ; then\n    # print error to STDERR\n    echo \"error: The sandbox is not in sync with the Podfile.lock. Run 'pod install' or update your CocoaPods installation.\" >&2\n    exit 1\nfi\n# This output is used by Xcode 'outputs' to avoid re-running this script phase.\necho \"SUCCESS\" > \"${SCRIPT_OUTPUT_FILE_0}\"\n";
			showEnvVarsInLog = 0;
		};
		E919F0BDD99A2F116118A171 /* [CP] Copy Pods Resources */ = {
			isa = PBXShellScriptBuildPhase;
			buildActionMask = 2147483647;
			files = (
			);
			inputPaths = (
			);
			name = "[CP] Copy Pods Resources";
			outputPaths = (
			);
			runOnlyForDeploymentPostprocessing = 0;
			shellPath = /bin/sh;
			shellScript = "\"${SRCROOT}/Pods/Target Support Files/Pods-rwethereyetUITests/Pods-rwethereyetUITests-resources.sh\"\n";
			showEnvVarsInLog = 0;
		};
/* End PBXShellScriptBuildPhase section */

/* Begin PBXSourcesBuildPhase section */
		1DA257642003732C00F8CA36 /* Sources */ = {
			isa = PBXSourcesBuildPhase;
			buildActionMask = 2147483647;
			files = (
				1D6BC3212011C00600AF208C /* Journey.swift in Sources */,
				1D09D7F62009B9D3006D079D /* RouteBusStop.swift in Sources */,
				1D6BC3292011EED400AF208C /* JourneyStates.swift in Sources */,
				1DA2576E2003732C00F8CA36 /* ViewController.swift in Sources */,
				1DAA29AD2015DD3000B7C255 /* BusStopTableViewController.swift in Sources */,
				1DA2576C2003732C00F8CA36 /* AppDelegate.swift in Sources */,
				1D6BC32B2012455C00AF208C /* DataInitialiser.swift in Sources */,
				1D6BC3232011C4BB00AF208C /* Distance.swift in Sources */,
				1D71B4B820170BFC00D675D0 /* InJourneyViewController.swift in Sources */,
				1DA257742003732C00F8CA36 /* rwethereyet.xcdatamodeld in Sources */,
				1DFF4D19200A6E300076B333 /* RouteBusService.swift in Sources */,
				1D6BC3252011CB0000AF208C /* Data.swift in Sources */,
				1DFF4D11200A44C40076B333 /* RouteBusServiceResponse.swift in Sources */,
			);
			runOnlyForDeploymentPostprocessing = 0;
		};
		1DA2577B2003732C00F8CA36 /* Sources */ = {
			isa = PBXSourcesBuildPhase;
			buildActionMask = 2147483647;
			files = (
				1DA257842003732C00F8CA36 /* rwethereyetTests.swift in Sources */,
			);
			runOnlyForDeploymentPostprocessing = 0;
		};
		1DA257862003732C00F8CA36 /* Sources */ = {
			isa = PBXSourcesBuildPhase;
			buildActionMask = 2147483647;
			files = (
				1DA2578F2003732C00F8CA36 /* rwethereyetUITests.swift in Sources */,
			);
			runOnlyForDeploymentPostprocessing = 0;
		};
/* End PBXSourcesBuildPhase section */

/* Begin PBXTargetDependency section */
		1DA257812003732C00F8CA36 /* PBXTargetDependency */ = {
			isa = PBXTargetDependency;
			target = 1DA257672003732C00F8CA36 /* rwethereyet */;
			targetProxy = 1DA257802003732C00F8CA36 /* PBXContainerItemProxy */;
		};
		1DA2578C2003732C00F8CA36 /* PBXTargetDependency */ = {
			isa = PBXTargetDependency;
			target = 1DA257672003732C00F8CA36 /* rwethereyet */;
			targetProxy = 1DA2578B2003732C00F8CA36 /* PBXContainerItemProxy */;
		};
/* End PBXTargetDependency section */

/* Begin PBXVariantGroup section */
		1DA2576F2003732C00F8CA36 /* Main.storyboard */ = {
			isa = PBXVariantGroup;
			children = (
				1DA257702003732C00F8CA36 /* Base */,
			);
			name = Main.storyboard;
			sourceTree = "<group>";
		};
		1DA257772003732C00F8CA36 /* LaunchScreen.storyboard */ = {
			isa = PBXVariantGroup;
			children = (
				1DA257782003732C00F8CA36 /* Base */,
			);
			name = LaunchScreen.storyboard;
			sourceTree = "<group>";
		};
/* End PBXVariantGroup section */

/* Begin XCBuildConfiguration section */
		1DA257912003732C00F8CA36 /* Debug */ = {
			isa = XCBuildConfiguration;
			buildSettings = {
				ALWAYS_SEARCH_USER_PATHS = NO;
				CLANG_ANALYZER_NONNULL = YES;
				CLANG_ANALYZER_NUMBER_OBJECT_CONVERSION = YES_AGGRESSIVE;
				CLANG_CXX_LANGUAGE_STANDARD = "gnu++14";
				CLANG_CXX_LIBRARY = "libc++";
				CLANG_ENABLE_MODULES = YES;
				CLANG_ENABLE_OBJC_ARC = YES;
				CLANG_WARN_BLOCK_CAPTURE_AUTORELEASING = YES;
				CLANG_WARN_BOOL_CONVERSION = YES;
				CLANG_WARN_COMMA = YES;
				CLANG_WARN_CONSTANT_CONVERSION = YES;
				CLANG_WARN_DIRECT_OBJC_ISA_USAGE = YES_ERROR;
				CLANG_WARN_DOCUMENTATION_COMMENTS = YES;
				CLANG_WARN_EMPTY_BODY = YES;
				CLANG_WARN_ENUM_CONVERSION = YES;
				CLANG_WARN_INFINITE_RECURSION = YES;
				CLANG_WARN_INT_CONVERSION = YES;
				CLANG_WARN_NON_LITERAL_NULL_CONVERSION = YES;
				CLANG_WARN_OBJC_LITERAL_CONVERSION = YES;
				CLANG_WARN_OBJC_ROOT_CLASS = YES_ERROR;
				CLANG_WARN_RANGE_LOOP_ANALYSIS = YES;
				CLANG_WARN_STRICT_PROTOTYPES = YES;
				CLANG_WARN_SUSPICIOUS_MOVE = YES;
				CLANG_WARN_UNGUARDED_AVAILABILITY = YES_AGGRESSIVE;
				CLANG_WARN_UNREACHABLE_CODE = YES;
				CLANG_WARN__DUPLICATE_METHOD_MATCH = YES;
				CODE_SIGN_IDENTITY = "iPhone Developer";
				COPY_PHASE_STRIP = NO;
				DEBUG_INFORMATION_FORMAT = dwarf;
				ENABLE_STRICT_OBJC_MSGSEND = YES;
				ENABLE_TESTABILITY = YES;
				GCC_C_LANGUAGE_STANDARD = gnu11;
				GCC_DYNAMIC_NO_PIC = NO;
				GCC_NO_COMMON_BLOCKS = YES;
				GCC_OPTIMIZATION_LEVEL = 0;
				GCC_PREPROCESSOR_DEFINITIONS = (
					"DEBUG=1",
					"$(inherited)",
				);
				GCC_WARN_64_TO_32_BIT_CONVERSION = YES;
				GCC_WARN_ABOUT_RETURN_TYPE = YES_ERROR;
				GCC_WARN_UNDECLARED_SELECTOR = YES;
				GCC_WARN_UNINITIALIZED_AUTOS = YES_AGGRESSIVE;
				GCC_WARN_UNUSED_FUNCTION = YES;
				GCC_WARN_UNUSED_VARIABLE = YES;
				IPHONEOS_DEPLOYMENT_TARGET = 11.2;
				MTL_ENABLE_DEBUG_INFO = YES;
				ONLY_ACTIVE_ARCH = YES;
				SDKROOT = iphoneos;
				SWIFT_ACTIVE_COMPILATION_CONDITIONS = DEBUG;
				SWIFT_OPTIMIZATION_LEVEL = "-Onone";
			};
			name = Debug;
		};
		1DA257922003732C00F8CA36 /* Release */ = {
			isa = XCBuildConfiguration;
			buildSettings = {
				ALWAYS_SEARCH_USER_PATHS = NO;
				CLANG_ANALYZER_NONNULL = YES;
				CLANG_ANALYZER_NUMBER_OBJECT_CONVERSION = YES_AGGRESSIVE;
				CLANG_CXX_LANGUAGE_STANDARD = "gnu++14";
				CLANG_CXX_LIBRARY = "libc++";
				CLANG_ENABLE_MODULES = YES;
				CLANG_ENABLE_OBJC_ARC = YES;
				CLANG_WARN_BLOCK_CAPTURE_AUTORELEASING = YES;
				CLANG_WARN_BOOL_CONVERSION = YES;
				CLANG_WARN_COMMA = YES;
				CLANG_WARN_CONSTANT_CONVERSION = YES;
				CLANG_WARN_DIRECT_OBJC_ISA_USAGE = YES_ERROR;
				CLANG_WARN_DOCUMENTATION_COMMENTS = YES;
				CLANG_WARN_EMPTY_BODY = YES;
				CLANG_WARN_ENUM_CONVERSION = YES;
				CLANG_WARN_INFINITE_RECURSION = YES;
				CLANG_WARN_INT_CONVERSION = YES;
				CLANG_WARN_NON_LITERAL_NULL_CONVERSION = YES;
				CLANG_WARN_OBJC_LITERAL_CONVERSION = YES;
				CLANG_WARN_OBJC_ROOT_CLASS = YES_ERROR;
				CLANG_WARN_RANGE_LOOP_ANALYSIS = YES;
				CLANG_WARN_STRICT_PROTOTYPES = YES;
				CLANG_WARN_SUSPICIOUS_MOVE = YES;
				CLANG_WARN_UNGUARDED_AVAILABILITY = YES_AGGRESSIVE;
				CLANG_WARN_UNREACHABLE_CODE = YES;
				CLANG_WARN__DUPLICATE_METHOD_MATCH = YES;
				CODE_SIGN_IDENTITY = "iPhone Developer";
				COPY_PHASE_STRIP = NO;
				DEBUG_INFORMATION_FORMAT = "dwarf-with-dsym";
				ENABLE_NS_ASSERTIONS = NO;
				ENABLE_STRICT_OBJC_MSGSEND = YES;
				GCC_C_LANGUAGE_STANDARD = gnu11;
				GCC_NO_COMMON_BLOCKS = YES;
				GCC_WARN_64_TO_32_BIT_CONVERSION = YES;
				GCC_WARN_ABOUT_RETURN_TYPE = YES_ERROR;
				GCC_WARN_UNDECLARED_SELECTOR = YES;
				GCC_WARN_UNINITIALIZED_AUTOS = YES_AGGRESSIVE;
				GCC_WARN_UNUSED_FUNCTION = YES;
				GCC_WARN_UNUSED_VARIABLE = YES;
				IPHONEOS_DEPLOYMENT_TARGET = 11.2;
				MTL_ENABLE_DEBUG_INFO = NO;
				SDKROOT = iphoneos;
				SWIFT_OPTIMIZATION_LEVEL = "-Owholemodule";
				VALIDATE_PRODUCT = YES;
			};
			name = Release;
		};
		1DA257942003732C00F8CA36 /* Debug */ = {
			isa = XCBuildConfiguration;
			baseConfigurationReference = E9C31EA2BBCE90A4DACAED77 /* Pods-rwethereyet.debug.xcconfig */;
			buildSettings = {
				ASSETCATALOG_COMPILER_APPICON_NAME = AppIcon;
				CODE_SIGN_STYLE = Automatic;
				DEVELOPMENT_TEAM = 547K33EUK7;
				INFOPLIST_FILE = rwethereyet/Info.plist;
				LD_RUNPATH_SEARCH_PATHS = "$(inherited) @executable_path/Frameworks";
				PRODUCT_BUNDLE_IDENTIFIER = sthwc.rwethereyet;
				PRODUCT_NAME = "$(TARGET_NAME)";
				SWIFT_VERSION = 4.0;
				TARGETED_DEVICE_FAMILY = "1,2";
			};
			name = Debug;
		};
		1DA257952003732C00F8CA36 /* Release */ = {
			isa = XCBuildConfiguration;
			baseConfigurationReference = 3B281EEC20E012C2A134503E /* Pods-rwethereyet.release.xcconfig */;
			buildSettings = {
				ASSETCATALOG_COMPILER_APPICON_NAME = AppIcon;
				CODE_SIGN_STYLE = Automatic;
				DEVELOPMENT_TEAM = 547K33EUK7;
				INFOPLIST_FILE = rwethereyet/Info.plist;
				LD_RUNPATH_SEARCH_PATHS = "$(inherited) @executable_path/Frameworks";
				PRODUCT_BUNDLE_IDENTIFIER = sthwc.rwethereyet;
				PRODUCT_NAME = "$(TARGET_NAME)";
				SWIFT_VERSION = 4.0;
				TARGETED_DEVICE_FAMILY = "1,2";
			};
			name = Release;
		};
		1DA257972003732C00F8CA36 /* Debug */ = {
			isa = XCBuildConfiguration;
			baseConfigurationReference = E374FE6BD45EC92CF65DCCB4 /* Pods-rwethereyetTests.debug.xcconfig */;
			buildSettings = {
				ALWAYS_EMBED_SWIFT_STANDARD_LIBRARIES = YES;
				BUNDLE_LOADER = "$(TEST_HOST)";
				CODE_SIGN_STYLE = Automatic;
				DEVELOPMENT_TEAM = 547K33EUK7;
				INFOPLIST_FILE = rwethereyetTests/Info.plist;
				LD_RUNPATH_SEARCH_PATHS = "$(inherited) @executable_path/Frameworks @loader_path/Frameworks";
				PRODUCT_BUNDLE_IDENTIFIER = sthwc.rwethereyetTests;
				PRODUCT_NAME = "$(TARGET_NAME)";
				SWIFT_VERSION = 4.0;
				TARGETED_DEVICE_FAMILY = "1,2";
				TEST_HOST = "$(BUILT_PRODUCTS_DIR)/rwethereyet.app/rwethereyet";
			};
			name = Debug;
		};
		1DA257982003732C00F8CA36 /* Release */ = {
			isa = XCBuildConfiguration;
			baseConfigurationReference = AE52F429F3AC06139E3DB5F5 /* Pods-rwethereyetTests.release.xcconfig */;
			buildSettings = {
				ALWAYS_EMBED_SWIFT_STANDARD_LIBRARIES = YES;
				BUNDLE_LOADER = "$(TEST_HOST)";
				CODE_SIGN_STYLE = Automatic;
				DEVELOPMENT_TEAM = 547K33EUK7;
				INFOPLIST_FILE = rwethereyetTests/Info.plist;
				LD_RUNPATH_SEARCH_PATHS = "$(inherited) @executable_path/Frameworks @loader_path/Frameworks";
				PRODUCT_BUNDLE_IDENTIFIER = sthwc.rwethereyetTests;
				PRODUCT_NAME = "$(TARGET_NAME)";
				SWIFT_VERSION = 4.0;
				TARGETED_DEVICE_FAMILY = "1,2";
				TEST_HOST = "$(BUILT_PRODUCTS_DIR)/rwethereyet.app/rwethereyet";
			};
			name = Release;
		};
		1DA2579A2003732C00F8CA36 /* Debug */ = {
			isa = XCBuildConfiguration;
			baseConfigurationReference = 2EEA5985D8CA8CC925E24C2D /* Pods-rwethereyetUITests.debug.xcconfig */;
			buildSettings = {
				ALWAYS_EMBED_SWIFT_STANDARD_LIBRARIES = YES;
				CODE_SIGN_STYLE = Automatic;
				DEVELOPMENT_TEAM = 547K33EUK7;
				INFOPLIST_FILE = rwethereyetUITests/Info.plist;
				LD_RUNPATH_SEARCH_PATHS = "$(inherited) @executable_path/Frameworks @loader_path/Frameworks";
				PRODUCT_BUNDLE_IDENTIFIER = sthwc.rwethereyetUITests;
				PRODUCT_NAME = "$(TARGET_NAME)";
				SWIFT_VERSION = 4.0;
				TARGETED_DEVICE_FAMILY = "1,2";
				TEST_TARGET_NAME = rwethereyet;
			};
			name = Debug;
		};
		1DA2579B2003732C00F8CA36 /* Release */ = {
			isa = XCBuildConfiguration;
			baseConfigurationReference = 028A499417E8F78F5CE98A7F /* Pods-rwethereyetUITests.release.xcconfig */;
			buildSettings = {
				ALWAYS_EMBED_SWIFT_STANDARD_LIBRARIES = YES;
				CODE_SIGN_STYLE = Automatic;
				DEVELOPMENT_TEAM = 547K33EUK7;
				INFOPLIST_FILE = rwethereyetUITests/Info.plist;
				LD_RUNPATH_SEARCH_PATHS = "$(inherited) @executable_path/Frameworks @loader_path/Frameworks";
				PRODUCT_BUNDLE_IDENTIFIER = sthwc.rwethereyetUITests;
				PRODUCT_NAME = "$(TARGET_NAME)";
				SWIFT_VERSION = 4.0;
				TARGETED_DEVICE_FAMILY = "1,2";
				TEST_TARGET_NAME = rwethereyet;
			};
			name = Release;
		};
/* End XCBuildConfiguration section */

/* Begin XCConfigurationList section */
		1DA257632003732C00F8CA36 /* Build configuration list for PBXProject "rwethereyet" */ = {
			isa = XCConfigurationList;
			buildConfigurations = (
				1DA257912003732C00F8CA36 /* Debug */,
				1DA257922003732C00F8CA36 /* Release */,
			);
			defaultConfigurationIsVisible = 0;
			defaultConfigurationName = Release;
		};
		1DA257932003732C00F8CA36 /* Build configuration list for PBXNativeTarget "rwethereyet" */ = {
			isa = XCConfigurationList;
			buildConfigurations = (
				1DA257942003732C00F8CA36 /* Debug */,
				1DA257952003732C00F8CA36 /* Release */,
			);
			defaultConfigurationIsVisible = 0;
			defaultConfigurationName = Release;
		};
		1DA257962003732C00F8CA36 /* Build configuration list for PBXNativeTarget "rwethereyetTests" */ = {
			isa = XCConfigurationList;
			buildConfigurations = (
				1DA257972003732C00F8CA36 /* Debug */,
				1DA257982003732C00F8CA36 /* Release */,
			);
			defaultConfigurationIsVisible = 0;
			defaultConfigurationName = Release;
		};
		1DA257992003732C00F8CA36 /* Build configuration list for PBXNativeTarget "rwethereyetUITests" */ = {
			isa = XCConfigurationList;
			buildConfigurations = (
				1DA2579A2003732C00F8CA36 /* Debug */,
				1DA2579B2003732C00F8CA36 /* Release */,
			);
			defaultConfigurationIsVisible = 0;
			defaultConfigurationName = Release;
		};
/* End XCConfigurationList section */

/* Begin XCVersionGroup section */
		1DA257722003732C00F8CA36 /* rwethereyet.xcdatamodeld */ = {
			isa = XCVersionGroup;
			children = (
				1DA257732003732C00F8CA36 /* rwethereyet.xcdatamodel */,
			);
			currentVersion = 1DA257732003732C00F8CA36 /* rwethereyet.xcdatamodel */;
			path = rwethereyet.xcdatamodeld;
			sourceTree = "<group>";
			versionGroupType = wrapper.xcdatamodel;
		};
/* End XCVersionGroup section */
	};
	rootObject = 1DA257602003732C00F8CA36 /* Project object */;
}
